// !$*UTF8*$!
{
	archiveVersion = 1;
	classes = {
	};
	objectVersion = 56;
	objects = {

/* Begin PBXBuildFile section */
		ED5FF68C2AE19C0A00DE3B12 /* SF-Pro-Display-Light.otf in Resources */ = {isa = PBXBuildFile; fileRef = ED5FF6872AE19C0900DE3B12 /* SF-Pro-Display-Light.otf */; };
		ED5FF68D2AE19C0A00DE3B12 /* SF-Pro-Display-Thin.otf in Resources */ = {isa = PBXBuildFile; fileRef = ED5FF6882AE19C0A00DE3B12 /* SF-Pro-Display-Thin.otf */; };
		ED5FF68E2AE19C0A00DE3B12 /* SF-Pro-Display-Regular.otf in Resources */ = {isa = PBXBuildFile; fileRef = ED5FF6892AE19C0A00DE3B12 /* SF-Pro-Display-Regular.otf */; };
		ED5FF68F2AE19C0A00DE3B12 /* SF-Pro-Display-Medium.otf in Resources */ = {isa = PBXBuildFile; fileRef = ED5FF68A2AE19C0A00DE3B12 /* SF-Pro-Display-Medium.otf */; };
		ED5FF6902AE19C0A00DE3B12 /* SF-Pro-Display-Bold.otf in Resources */ = {isa = PBXBuildFile; fileRef = ED5FF68B2AE19C0A00DE3B12 /* SF-Pro-Display-Bold.otf */; };
		EDAD4A232ADFBFED000FDFDA /* AppDelegate.swift in Sources */ = {isa = PBXBuildFile; fileRef = EDAD4A222ADFBFED000FDFDA /* AppDelegate.swift */; };
		EDAD4A252ADFBFED000FDFDA /* SceneDelegate.swift in Sources */ = {isa = PBXBuildFile; fileRef = EDAD4A242ADFBFED000FDFDA /* SceneDelegate.swift */; };
		EDAD4A272ADFBFED000FDFDA /* DetailViewController.swift in Sources */ = {isa = PBXBuildFile; fileRef = EDAD4A262ADFBFED000FDFDA /* DetailViewController.swift */; };
		EDAD4A2C2ADFBFEE000FDFDA /* Assets.xcassets in Resources */ = {isa = PBXBuildFile; fileRef = EDAD4A2B2ADFBFEE000FDFDA /* Assets.xcassets */; };
		EDAD4A2F2ADFBFEE000FDFDA /* LaunchScreen.storyboard in Resources */ = {isa = PBXBuildFile; fileRef = EDAD4A2D2ADFBFEE000FDFDA /* LaunchScreen.storyboard */; };
/* End PBXBuildFile section */

/* Begin PBXFileReference section */
		ED5FF6872AE19C0900DE3B12 /* SF-Pro-Display-Light.otf */ = {isa = PBXFileReference; lastKnownFileType = file; name = "SF-Pro-Display-Light.otf"; path = "../../../../../../../../Library/Fonts/SF-Pro-Display-Light.otf"; sourceTree = "<group>"; };
		ED5FF6882AE19C0A00DE3B12 /* SF-Pro-Display-Thin.otf */ = {isa = PBXFileReference; lastKnownFileType = file; name = "SF-Pro-Display-Thin.otf"; path = "../../../../../../../../Library/Fonts/SF-Pro-Display-Thin.otf"; sourceTree = "<group>"; };
		ED5FF6892AE19C0A00DE3B12 /* SF-Pro-Display-Regular.otf */ = {isa = PBXFileReference; lastKnownFileType = file; name = "SF-Pro-Display-Regular.otf"; path = "../../../../../../../../Library/Fonts/SF-Pro-Display-Regular.otf"; sourceTree = "<group>"; };
		ED5FF68A2AE19C0A00DE3B12 /* SF-Pro-Display-Medium.otf */ = {isa = PBXFileReference; lastKnownFileType = file; name = "SF-Pro-Display-Medium.otf"; path = "../../../../../../../../Library/Fonts/SF-Pro-Display-Medium.otf"; sourceTree = "<group>"; };
		ED5FF68B2AE19C0A00DE3B12 /* SF-Pro-Display-Bold.otf */ = {isa = PBXFileReference; lastKnownFileType = file; name = "SF-Pro-Display-Bold.otf"; path = "../../../../../../../../Library/Fonts/SF-Pro-Display-Bold.otf"; sourceTree = "<group>"; };
		EDAD4A1F2ADFBFED000FDFDA /* SOPT-33th-assignment.app */ = {isa = PBXFileReference; explicitFileType = wrapper.application; includeInIndex = 0; path = "SOPT-33th-assignment.app"; sourceTree = BUILT_PRODUCTS_DIR; };
		EDAD4A222ADFBFED000FDFDA /* AppDelegate.swift */ = {isa = PBXFileReference; lastKnownFileType = sourcecode.swift; path = AppDelegate.swift; sourceTree = "<group>"; };
		EDAD4A242ADFBFED000FDFDA /* SceneDelegate.swift */ = {isa = PBXFileReference; lastKnownFileType = sourcecode.swift; path = SceneDelegate.swift; sourceTree = "<group>"; };
		EDAD4A262ADFBFED000FDFDA /* DetailViewController.swift */ = {isa = PBXFileReference; lastKnownFileType = sourcecode.swift; path = DetailViewController.swift; sourceTree = "<group>"; };
		EDAD4A2B2ADFBFEE000FDFDA /* Assets.xcassets */ = {isa = PBXFileReference; lastKnownFileType = folder.assetcatalog; path = Assets.xcassets; sourceTree = "<group>"; };
		EDAD4A2E2ADFBFEE000FDFDA /* Base */ = {isa = PBXFileReference; lastKnownFileType = file.storyboard; name = Base; path = Base.lproj/LaunchScreen.storyboard; sourceTree = "<group>"; };
		EDAD4A302ADFBFEE000FDFDA /* Info.plist */ = {isa = PBXFileReference; lastKnownFileType = text.plist.xml; path = Info.plist; sourceTree = "<group>"; };
/* End PBXFileReference section */

/* Begin PBXFrameworksBuildPhase section */
		EDAD4A1C2ADFBFED000FDFDA /* Frameworks */ = {
			isa = PBXFrameworksBuildPhase;
			buildActionMask = 2147483647;
			files = (
			);
			runOnlyForDeploymentPostprocessing = 0;
		};
/* End PBXFrameworksBuildPhase section */

/* Begin PBXGroup section */
		EDAD4A162ADFBFEC000FDFDA = {
			isa = PBXGroup;
			children = (
				EDAD4A212ADFBFED000FDFDA /* SOPT-33th-assignment */,
				EDAD4A202ADFBFED000FDFDA /* Products */,
			);
			sourceTree = "<group>";
		};
		EDAD4A202ADFBFED000FDFDA /* Products */ = {
			isa = PBXGroup;
			children = (
				EDAD4A1F2ADFBFED000FDFDA /* SOPT-33th-assignment.app */,
			);
			name = Products;
			sourceTree = "<group>";
		};
		EDAD4A212ADFBFED000FDFDA /* SOPT-33th-assignment */ = {
			isa = PBXGroup;
			children = (
				EDAD4A362AE174C0000FDFDA /* Fonts */,
				EDAD4A222ADFBFED000FDFDA /* AppDelegate.swift */,
				EDAD4A242ADFBFED000FDFDA /* SceneDelegate.swift */,
				EDAD4A262ADFBFED000FDFDA /* DetailViewController.swift */,
				EDAD4A2B2ADFBFEE000FDFDA /* Assets.xcassets */,
				EDAD4A2D2ADFBFEE000FDFDA /* LaunchScreen.storyboard */,
				EDAD4A302ADFBFEE000FDFDA /* Info.plist */,
			);
			path = "SOPT-33th-assignment";
			sourceTree = "<group>";
		};
		EDAD4A362AE174C0000FDFDA /* Fonts */ = {
			isa = PBXGroup;
			children = (
				ED5FF68B2AE19C0A00DE3B12 /* SF-Pro-Display-Bold.otf */,
				ED5FF6872AE19C0900DE3B12 /* SF-Pro-Display-Light.otf */,
				ED5FF68A2AE19C0A00DE3B12 /* SF-Pro-Display-Medium.otf */,
				ED5FF6892AE19C0A00DE3B12 /* SF-Pro-Display-Regular.otf */,
				ED5FF6882AE19C0A00DE3B12 /* SF-Pro-Display-Thin.otf */,
			);
			path = Fonts;
			sourceTree = "<group>";
		};
/* End PBXGroup section */

/* Begin PBXNativeTarget section */
		EDAD4A1E2ADFBFED000FDFDA /* SOPT-33th-assignment */ = {
			isa = PBXNativeTarget;
			buildConfigurationList = EDAD4A332ADFBFEE000FDFDA /* Build configuration list for PBXNativeTarget "SOPT-33th-assignment" */;
			buildPhases = (
				EDAD4A1B2ADFBFED000FDFDA /* Sources */,
				EDAD4A1C2ADFBFED000FDFDA /* Frameworks */,
				EDAD4A1D2ADFBFED000FDFDA /* Resources */,
			);
			buildRules = (
			);
			dependencies = (
			);
			name = "SOPT-33th-assignment";
			productName = "SOPT-33th-assignment";
			productReference = EDAD4A1F2ADFBFED000FDFDA /* SOPT-33th-assignment.app */;
			productType = "com.apple.product-type.application";
		};
/* End PBXNativeTarget section */

/* Begin PBXProject section */
		EDAD4A172ADFBFEC000FDFDA /* Project object */ = {
			isa = PBXProject;
			attributes = {
				BuildIndependentTargetsInParallel = 1;
				LastSwiftUpdateCheck = 1430;
				LastUpgradeCheck = 1430;
				TargetAttributes = {
					EDAD4A1E2ADFBFED000FDFDA = {
						CreatedOnToolsVersion = 14.3.1;
					};
				};
			};
			buildConfigurationList = EDAD4A1A2ADFBFEC000FDFDA /* Build configuration list for PBXProject "SOPT-33th-assignment" */;
			compatibilityVersion = "Xcode 14.0";
			developmentRegion = en;
			hasScannedForEncodings = 0;
			knownRegions = (
				en,
				Base,
			);
			mainGroup = EDAD4A162ADFBFEC000FDFDA;
			productRefGroup = EDAD4A202ADFBFED000FDFDA /* Products */;
			projectDirPath = "";
			projectRoot = "";
			targets = (
				EDAD4A1E2ADFBFED000FDFDA /* SOPT-33th-assignment */,
			);
		};
/* End PBXProject section */

/* Begin PBXResourcesBuildPhase section */
		EDAD4A1D2ADFBFED000FDFDA /* Resources */ = {
			isa = PBXResourcesBuildPhase;
			buildActionMask = 2147483647;
			files = (
				ED5FF68F2AE19C0A00DE3B12 /* SF-Pro-Display-Medium.otf in Resources */,
				ED5FF68D2AE19C0A00DE3B12 /* SF-Pro-Display-Thin.otf in Resources */,
				EDAD4A2F2ADFBFEE000FDFDA /* LaunchScreen.storyboard in Resources */,
				ED5FF68C2AE19C0A00DE3B12 /* SF-Pro-Display-Light.otf in Resources */,
				ED5FF6902AE19C0A00DE3B12 /* SF-Pro-Display-Bold.otf in Resources */,
				ED5FF68E2AE19C0A00DE3B12 /* SF-Pro-Display-Regular.otf in Resources */,
				EDAD4A2C2ADFBFEE000FDFDA /* Assets.xcassets in Resources */,
			);
			runOnlyForDeploymentPostprocessing = 0;
		};
/* End PBXResourcesBuildPhase section */

/* Begin PBXSourcesBuildPhase section */
		EDAD4A1B2ADFBFED000FDFDA /* Sources */ = {
			isa = PBXSourcesBuildPhase;
			buildActionMask = 2147483647;
			files = (
				EDAD4A272ADFBFED000FDFDA /* DetailViewController.swift in Sources */,
				EDAD4A232ADFBFED000FDFDA /* AppDelegate.swift in Sources */,
				EDAD4A252ADFBFED000FDFDA /* SceneDelegate.swift in Sources */,
			);
			runOnlyForDeploymentPostprocessing = 0;
		};
/* End PBXSourcesBuildPhase section */

/* Begin PBXVariantGroup section */
		EDAD4A2D2ADFBFEE000FDFDA /* LaunchScreen.storyboard */ = {
			isa = PBXVariantGroup;
			children = (
				EDAD4A2E2ADFBFEE000FDFDA /* Base */,
			);
			name = LaunchScreen.storyboard;
			sourceTree = "<group>";
		};
/* End PBXVariantGroup section */

/* Begin XCBuildConfiguration section */
		EDAD4A312ADFBFEE000FDFDA /* Debug */ = {
			isa = XCBuildConfiguration;
			buildSettings = {
				ALWAYS_SEARCH_USER_PATHS = NO;
				CLANG_ANALYZER_NONNULL = YES;
				CLANG_ANALYZER_NUMBER_OBJECT_CONVERSION = YES_AGGRESSIVE;
				CLANG_CXX_LANGUAGE_STANDARD = "gnu++20";
				CLANG_ENABLE_MODULES = YES;
				CLANG_ENABLE_OBJC_ARC = YES;
				CLANG_ENABLE_OBJC_WEAK = YES;
				CLANG_WARN_BLOCK_CAPTURE_AUTORELEASING = YES;
				CLANG_WARN_BOOL_CONVERSION = YES;
				CLANG_WARN_COMMA = YES;
				CLANG_WARN_CONSTANT_CONVERSION = YES;
				CLANG_WARN_DEPRECATED_OBJC_IMPLEMENTATIONS = YES;
				CLANG_WARN_DIRECT_OBJC_ISA_USAGE = YES_ERROR;
				CLANG_WARN_DOCUMENTATION_COMMENTS = YES;
				CLANG_WARN_EMPTY_BODY = YES;
				CLANG_WARN_ENUM_CONVERSION = YES;
				CLANG_WARN_INFINITE_RECURSION = YES;
				CLANG_WARN_INT_CONVERSION = YES;
				CLANG_WARN_NON_LITERAL_NULL_CONVERSION = YES;
				CLANG_WARN_OBJC_IMPLICIT_RETAIN_SELF = YES;
				CLANG_WARN_OBJC_LITERAL_CONVERSION = YES;
				CLANG_WARN_OBJC_ROOT_CLASS = YES_ERROR;
				CLANG_WARN_QUOTED_INCLUDE_IN_FRAMEWORK_HEADER = YES;
				CLANG_WARN_RANGE_LOOP_ANALYSIS = YES;
				CLANG_WARN_STRICT_PROTOTYPES = YES;
				CLANG_WARN_SUSPICIOUS_MOVE = YES;
				CLANG_WARN_UNGUARDED_AVAILABILITY = YES_AGGRESSIVE;
				CLANG_WARN_UNREACHABLE_CODE = YES;
				CLANG_WARN__DUPLICATE_METHOD_MATCH = YES;
				COPY_PHASE_STRIP = NO;
				DEBUG_INFORMATION_FORMAT = dwarf;
				ENABLE_STRICT_OBJC_MSGSEND = YES;
				ENABLE_TESTABILITY = YES;
				GCC_C_LANGUAGE_STANDARD = gnu11;
				GCC_DYNAMIC_NO_PIC = NO;
				GCC_NO_COMMON_BLOCKS = YES;
				GCC_OPTIMIZATION_LEVEL = 0;
				GCC_PREPROCESSOR_DEFINITIONS = (
					"DEBUG=1",
					"$(inherited)",
				);
				GCC_WARN_64_TO_32_BIT_CONVERSION = YES;
				GCC_WARN_ABOUT_RETURN_TYPE = YES_ERROR;
				GCC_WARN_UNDECLARED_SELECTOR = YES;
				GCC_WARN_UNINITIALIZED_AUTOS = YES_AGGRESSIVE;
				GCC_WARN_UNUSED_FUNCTION = YES;
				GCC_WARN_UNUSED_VARIABLE = YES;
				IPHONEOS_DEPLOYMENT_TARGET = 16.4;
				MTL_ENABLE_DEBUG_INFO = INCLUDE_SOURCE;
				MTL_FAST_MATH = YES;
				ONLY_ACTIVE_ARCH = YES;
				SDKROOT = iphoneos;
				SWIFT_ACTIVE_COMPILATION_CONDITIONS = DEBUG;
				SWIFT_OPTIMIZATION_LEVEL = "-Onone";
			};
			name = Debug;
		};
		EDAD4A322ADFBFEE000FDFDA /* Release */ = {
			isa = XCBuildConfiguration;
			buildSettings = {
				ALWAYS_SEARCH_USER_PATHS = NO;
				CLANG_ANALYZER_NONNULL = YES;
				CLANG_ANALYZER_NUMBER_OBJECT_CONVERSION = YES_AGGRESSIVE;
				CLANG_CXX_LANGUAGE_STANDARD = "gnu++20";
				CLANG_ENABLE_MODULES = YES;
				CLANG_ENABLE_OBJC_ARC = YES;
				CLANG_ENABLE_OBJC_WEAK = YES;
				CLANG_WARN_BLOCK_CAPTURE_AUTORELEASING = YES;
				CLANG_WARN_BOOL_CONVERSION = YES;
				CLANG_WARN_COMMA = YES;
				CLANG_WARN_CONSTANT_CONVERSION = YES;
				CLANG_WARN_DEPRECATED_OBJC_IMPLEMENTATIONS = YES;
				CLANG_WARN_DIRECT_OBJC_ISA_USAGE = YES_ERROR;
				CLANG_WARN_DOCUMENTATION_COMMENTS = YES;
				CLANG_WARN_EMPTY_BODY = YES;
				CLANG_WARN_ENUM_CONVERSION = YES;
				CLANG_WARN_INFINITE_RECURSION = YES;
				CLANG_WARN_INT_CONVERSION = YES;
				CLANG_WARN_NON_LITERAL_NULL_CONVERSION = YES;
				CLANG_WARN_OBJC_IMPLICIT_RETAIN_SELF = YES;
				CLANG_WARN_OBJC_LITERAL_CONVERSION = YES;
				CLANG_WARN_OBJC_ROOT_CLASS = YES_ERROR;
				CLANG_WARN_QUOTED_INCLUDE_IN_FRAMEWORK_HEADER = YES;
				CLANG_WARN_RANGE_LOOP_ANALYSIS = YES;
				CLANG_WARN_STRICT_PROTOTYPES = YES;
				CLANG_WARN_SUSPICIOUS_MOVE = YES;
				CLANG_WARN_UNGUARDED_AVAILABILITY = YES_AGGRESSIVE;
				CLANG_WARN_UNREACHABLE_CODE = YES;
				CLANG_WARN__DUPLICATE_METHOD_MATCH = YES;
				COPY_PHASE_STRIP = NO;
				DEBUG_INFORMATION_FORMAT = "dwarf-with-dsym";
				ENABLE_NS_ASSERTIONS = NO;
				ENABLE_STRICT_OBJC_MSGSEND = YES;
				GCC_C_LANGUAGE_STANDARD = gnu11;
				GCC_NO_COMMON_BLOCKS = YES;
				GCC_WARN_64_TO_32_BIT_CONVERSION = YES;
				GCC_WARN_ABOUT_RETURN_TYPE = YES_ERROR;
				GCC_WARN_UNDECLARED_SELECTOR = YES;
				GCC_WARN_UNINITIALIZED_AUTOS = YES_AGGRESSIVE;
				GCC_WARN_UNUSED_FUNCTION = YES;
				GCC_WARN_UNUSED_VARIABLE = YES;
				IPHONEOS_DEPLOYMENT_TARGET = 16.4;
				MTL_ENABLE_DEBUG_INFO = NO;
				MTL_FAST_MATH = YES;
				SDKROOT = iphoneos;
				SWIFT_COMPILATION_MODE = wholemodule;
				SWIFT_OPTIMIZATION_LEVEL = "-O";
				VALIDATE_PRODUCT = YES;
			};
			name = Release;
		};
		EDAD4A342ADFBFEE000FDFDA /* Debug */ = {
			isa = XCBuildConfiguration;
			buildSettings = {
				ASSETCATALOG_COMPILER_APPICON_NAME = AppIcon;
				ASSETCATALOG_COMPILER_GLOBAL_ACCENT_COLOR_NAME = AccentColor;
				CODE_SIGN_STYLE = Automatic;
				CURRENT_PROJECT_VERSION = 1;
				DEVELOPMENT_TEAM = WJKNV9KXF2;
				GENERATE_INFOPLIST_FILE = YES;
				INFOPLIST_FILE = "SOPT-33th-assignment/Info.plist";
				INFOPLIST_KEY_UIApplicationSupportsIndirectInputEvents = YES;
				INFOPLIST_KEY_UILaunchStoryboardName = LaunchScreen;
				INFOPLIST_KEY_UISupportedInterfaceOrientations_iPad = "UIInterfaceOrientationPortrait UIInterfaceOrientationPortraitUpsideDown UIInterfaceOrientationLandscapeLeft UIInterfaceOrientationLandscapeRight";
				INFOPLIST_KEY_UISupportedInterfaceOrientations_iPhone = "UIInterfaceOrientationPortrait UIInterfaceOrientationLandscapeLeft UIInterfaceOrientationLandscapeRight";
				LD_RUNPATH_SEARCH_PATHS = (
					"$(inherited)",
					"@executable_path/Frameworks",
				);
				MARKETING_VERSION = 1.0;
				PRODUCT_BUNDLE_IDENTIFIER = "com.jacksim.SOPT-33th-assignment";
				PRODUCT_NAME = "$(TARGET_NAME)";
				SWIFT_EMIT_LOC_STRINGS = YES;
				SWIFT_VERSION = 5.0;
				TARGETED_DEVICE_FAMILY = "1,2";
			};
			name = Debug;
		};
		EDAD4A352ADFBFEE000FDFDA /* Release */ = {
			isa = XCBuildConfiguration;
			buildSettings = {
				ASSETCATALOG_COMPILER_APPICON_NAME = AppIcon;
				ASSETCATALOG_COMPILER_GLOBAL_ACCENT_COLOR_NAME = AccentColor;
				CODE_SIGN_STYLE = Automatic;
				CURRENT_PROJECT_VERSION = 1;
				DEVELOPMENT_TEAM = WJKNV9KXF2;
				GENERATE_INFOPLIST_FILE = YES;
				INFOPLIST_FILE = "SOPT-33th-assignment/Info.plist";
				INFOPLIST_KEY_UIApplicationSupportsIndirectInputEvents = YES;
				INFOPLIST_KEY_UILaunchStoryboardName = LaunchScreen;
				INFOPLIST_KEY_UISupportedInterfaceOrientations_iPad = "UIInterfaceOrientationPortrait UIInterfaceOrientationPortraitUpsideDown UIInterfaceOrientationLandscapeLeft UIInterfaceOrientationLandscapeRight";
				INFOPLIST_KEY_UISupportedInterfaceOrientations_iPhone = "UIInterfaceOrientationPortrait UIInterfaceOrientationLandscapeLeft UIInterfaceOrientationLandscapeRight";
				LD_RUNPATH_SEARCH_PATHS = (
					"$(inherited)",
					"@executable_path/Frameworks",
				);
				MARKETING_VERSION = 1.0;
				PRODUCT_BUNDLE_IDENTIFIER = "com.jacksim.SOPT-33th-assignment";
				PRODUCT_NAME = "$(TARGET_NAME)";
				SWIFT_EMIT_LOC_STRINGS = YES;
				SWIFT_VERSION = 5.0;
				TARGETED_DEVICE_FAMILY = "1,2";
			};
			name = Release;
		};
/* End XCBuildConfiguration section */

/* Begin XCConfigurationList section */
		EDAD4A1A2ADFBFEC000FDFDA /* Build configuration list for PBXProject "SOPT-33th-assignment" */ = {
			isa = XCConfigurationList;
			buildConfigurations = (
				EDAD4A312ADFBFEE000FDFDA /* Debug */,
				EDAD4A322ADFBFEE000FDFDA /* Release */,
			);
			defaultConfigurationIsVisible = 0;
			defaultConfigurationName = Release;
		};
		EDAD4A332ADFBFEE000FDFDA /* Build configuration list for PBXNativeTarget "SOPT-33th-assignment" */ = {
			isa = XCConfigurationList;
			buildConfigurations = (
				EDAD4A342ADFBFEE000FDFDA /* Debug */,
				EDAD4A352ADFBFEE000FDFDA /* Release */,
			);
			defaultConfigurationIsVisible = 0;
			defaultConfigurationName = Release;
		};
/* End XCConfigurationList section */
	};
	rootObject = EDAD4A172ADFBFEC000FDFDA /* Project object */;
}
